Microsoft Visual Studio Solution File, Format Version 12.00
# Visual Studio 2012
Global
	GlobalSection(SolutionConfigurationPlatforms) = preSolution
		Debug|Any CPU = Debug|Any CPU
		ExportDebug|Any CPU = ExportDebug|Any CPU
		ExportRelease|Any CPU = ExportRelease|Any CPU
	EndGlobalSection
	GlobalSection(ProjectConfigurationPlatforms) = postSolution
		{D2B403F3-41BE-4965-BC5F-905DA21632C7}.Debug|Any CPU.ActiveCfg = Debug|Any CPU
		{D2B403F3-41BE-4965-BC5F-905DA21632C7}.Debug|Any CPU.Build.0 = Debug|Any CPU
		{D2B403F3-41BE-4965-BC5F-905DA21632C7}.ExportDebug|Any CPU.ActiveCfg = ExportDebug|Any CPU
		{D2B403F3-41BE-4965-BC5F-905DA21632C7}.ExportDebug|Any CPU.Build.0 = ExportDebug|Any CPU
		{D2B403F3-41BE-4965-BC5F-905DA21632C7}.ExportRelease|Any CPU.ActiveCfg = ExportRelease|Any CPU
		{D2B403F3-41BE-4965-BC5F-905DA21632C7}.ExportRelease|Any CPU.Build.0 = ExportRelease|Any CPU
		{679E64C5-9173-44CF-8538-94B95BC9C3F4}.Debug|Any CPU.ActiveCfg = Debug|Any CPU
		{679E64C5-9173-44CF-8538-94B95BC9C3F4}.Debug|Any CPU.Build.0 = Debug|Any CPU
		{679E64C5-9173-44CF-8538-94B95BC9C3F4}.ExportDebug|Any CPU.ActiveCfg = Debug|Any CPU
		{679E64C5-9173-44CF-8538-94B95BC9C3F4}.ExportDebug|Any CPU.Build.0 = Debug|Any CPU
		{679E64C5-9173-44CF-8538-94B95BC9C3F4}.ExportRelease|Any CPU.ActiveCfg = Debug|Any CPU
		{679E64C5-9173-44CF-8538-94B95BC9C3F4}.ExportRelease|Any CPU.Build.0 = Debug|Any CPU
		{73406DC4-0FAE-42D9-AEDE-FFBB73B2310D}.Debug|Any CPU.ActiveCfg = Debug|Any CPU
		{73406DC4-0FAE-42D9-AEDE-FFBB73B2310D}.Debug|Any CPU.Build.0 = Debug|Any CPU
		{73406DC4-0FAE-42D9-AEDE-FFBB73B2310D}.ExportDebug|Any CPU.ActiveCfg = Debug|Any CPU
		{73406DC4-0FAE-42D9-AEDE-FFBB73B2310D}.ExportDebug|Any CPU.Build.0 = Debug|Any CPU
		{73406DC4-0FAE-42D9-AEDE-FFBB73B2310D}.ExportRelease|Any CPU.ActiveCfg = Debug|Any CPU
		{73406DC4-0FAE-42D9-AEDE-FFBB73B2310D}.ExportRelease|Any CPU.Build.0 = Debug|Any CPU
	EndGlobalSection
EndGlobal
